{
  "name": "custom",
  "version": "1.0.0",
  "lockfileVersion": 3,
  "requires": true,
  "packages": {
    "": {
      "name": "custom",
      "version": "1.0.0",
      "license": "ISC",
      "dependencies": {
        "n8n-nodes-polycracker": "file:../../.."
      }
    },
    "../../..": {
      "version": "1.0.8",
      "license": "MIT",
      "dependencies": {
        "n8n-core": "latest",
        "n8n-workflow": "latest"
      },
      "devDependencies": {
        "typescript": "^5.0.0"
      }
    },
    "node_modules/n8n-nodes-polycracker": {
      "resolved": "../../..",
      "link": true
    }
  }
}
